
Microsoft Visual Studio Solution File, Format Version 12.00
# Visual Studio Version 17
VisualStudioVersion = 17.13.35931.197 d17.13
MinimumVisualStudioVersion = 10.0.40219.1
Project("{FAE04EC0-301F-11D3-BF4B-00C04F79EFBC}") = "FirstApi", "FirstApi\FirstApi.csproj", "{775F250A-8CE6-4446-A863-19290FF7D334}"
EndProject
Global
	GlobalSection(SolutionConfigurationPlatforms) = preSolution
		Debug|Any CPU = Debug|Any CPU
		Release|Any CPU = Release|Any CPU
	EndGlobalSection
	GlobalSection(ProjectConfigurationPlatforms) = postSolution
		{775F250A-8CE6-4446-A863-19290FF7D334}.Debug|Any CPU.ActiveCfg = Debug|Any CPU
		{775F250A-8CE6-4446-A863-19290FF7D334}.Debug|Any CPU.Build.0 = Debug|Any CPU
		{775F250A-8CE6-4446-A863-19290FF7D334}.Release|Any CPU.ActiveCfg = Release|Any CPU
		{775F250A-8CE6-4446-A863-19290FF7D334}.Release|Any CPU.Build.0 = Release|Any CPU
	EndGlobalSection
	GlobalSection(SolutionProperties) = preSolution
		HideSolutionNode = FALSE
	EndGlobalSection
	GlobalSection(ExtensibilityGlobals) = postSolution
		SolutionGuid = {EA4438D2-B09D-490F-BFDA-2539744BE9B7}
	EndGlobalSection
EndGlobal
